
Microsoft Visual Studio Solution File, Format Version 12.00
# Visual Studio Version 16
VisualStudioVersion = 16.0.31129.286
MinimumVisualStudioVersion = 10.0.40219.1
Project("{FAE04EC0-301F-11D3-BF4B-00C04F79EFBC}") = "GP.Calculator", "GP.Calculator\GP.Calculator.csproj", "{8452609D-346E-4310-AD08-75901833A491}"
EndProject
Project("{FAE04EC0-301F-11D3-BF4B-00C04F79EFBC}") = "GP.Calculator.Tests", "GP.Calculator.Tests\GP.Calculator.Tests.csproj", "{074BF792-F7D0-4CCC-869F-BEB1453B54C6}"
EndProject
Global
	GlobalSection(SolutionConfigurationPlatforms) = preSolution
		Debug|Any CPU = Debug|Any CPU
		Release|Any CPU = Release|Any CPU
	EndGlobalSection
	GlobalSection(ProjectConfigurationPlatforms) = postSolution
		{8452609D-346E-4310-AD08-75901833A491}.Debug|Any CPU.ActiveCfg = Debug|Any CPU
		{8452609D-346E-4310-AD08-75901833A491}.Debug|Any CPU.Build.0 = Debug|Any CPU
		{8452609D-346E-4310-AD08-75901833A491}.Release|Any CPU.ActiveCfg = Release|Any CPU
		{8452609D-346E-4310-AD08-75901833A491}.Release|Any CPU.Build.0 = Release|Any CPU
		{074BF792-F7D0-4CCC-869F-BEB1453B54C6}.Debug|Any CPU.ActiveCfg = Debug|Any CPU
		{074BF792-F7D0-4CCC-869F-BEB1453B54C6}.Debug|Any CPU.Build.0 = Debug|Any CPU
		{074BF792-F7D0-4CCC-869F-BEB1453B54C6}.Release|Any CPU.ActiveCfg = Release|Any CPU
		{074BF792-F7D0-4CCC-869F-BEB1453B54C6}.Release|Any CPU.Build.0 = Release|Any CPU
	EndGlobalSection
	GlobalSection(SolutionProperties) = preSolution
		HideSolutionNode = FALSE
	EndGlobalSection
	GlobalSection(ExtensibilityGlobals) = postSolution
		SolutionGuid = {865A6351-B100-4780-B316-DE7FB6C921F8}
	EndGlobalSection
EndGlobal
